<?xml version="1.0"?>
<CONFIG>
  <ProjectOptions>
    <PathDelim Value="/"/>
    <Version Value="6"/>
    <General>
      <MainUnit Value="0"/>
      <IconPath Value="./"/>
      <TargetFileExt Value=""/>
      <ActiveEditorIndexAtStart Value="2"/>
    </General>
    <VersionInfo>
      <ProjectVersion Value=""/>
      <Language Value=""/>
      <CharSet Value=""/>
    </VersionInfo>
    <PublishOptions>
      <Version Value="2"/>
      <IgnoreBinaries Value="False"/>
      <IncludeFileFilter Value="*.(pas|pp|inc|lfm|lpr|lrs|lpi|lpk|sh|xml)"/>
      <ExcludeFileFilter Value="*.(bak|ppu|ppw|o|so);*~;backup"/>
    </PublishOptions>
    <RunParams>
      <local>
        <FormatVersion Value="1"/>
        <LaunchingApplication PathPlusParams="/usr/X11R6/bin/xterm -T 'Lazarus Run Output' -e $(LazarusDir)/tools/runwait.sh $(TargetCmdLine)"/>
      </local>
    </RunParams>
    <RequiredPackages Count="1">
      <Item1>
        <PackageName Value="LCL"/>
      </Item1>
    </RequiredPackages>
    <Units Count="10">
      <Unit0>
        <Filename Value="linbmd.lpr"/>
        <IsPartOfProject Value="True"/>
        <UnitName Value="linbmd"/>
        <CursorPos X="43" Y="17"/>
        <TopLine Value="1"/>
        <EditorIndex Value="1"/>
        <UsageCount Value="42"/>
        <Loaded Value="True"/>
      </Unit0>
      <Unit1>
        <Filename Value="main.pas"/>
        <ComponentName Value="frmMain"/>
        <IsPartOfProject Value="True"/>
        <ResourceBaseClass Value="Form"/>
        <ResourceFilename Value="main.lrs"/>
        <UnitName Value="main"/>
        <CursorPos X="33" Y="189"/>
        <TopLine Value="171"/>
        <EditorIndex Value="0"/>
        <UsageCount Value="42"/>
        <Loaded Value="True"/>
      </Unit1>
      <Unit2>
        <Filename Value="about.pas"/>
        <ComponentName Value="frmAbout"/>
        <HasResources Value="True"/>
        <IsPartOfProject Value="True"/>
        <ResourceBaseClass Value="Form"/>
        <ResourceFilename Value="about.lrs"/>
        <UnitName Value="about"/>
        <CursorPos X="84" Y="82"/>
        <TopLine Value="47"/>
        <EditorIndex Value="3"/>
        <UsageCount Value="42"/>
        <Loaded Value="True"/>
      </Unit2>
      <Unit3>
        <Filename Value="cal.pas"/>
        <ComponentName Value="frmCalendar"/>
        <HasResources Value="True"/>
        <IsPartOfProject Value="True"/>
        <ResourceBaseClass Value="Form"/>
        <ResourceFilename Value="cal.lrs"/>
        <UnitName Value="cal"/>
        <CursorPos X="1" Y="1"/>
        <TopLine Value="1"/>
        <UsageCount Value="42"/>
      </Unit3>
      <Unit4>
        <Filename Value="global.pas"/>
        <IsPartOfProject Value="True"/>
        <UnitName Value="global"/>
        <CursorPos X="3" Y="42"/>
        <TopLine Value="6"/>
        <EditorIndex Value="4"/>
        <UsageCount Value="42"/>
        <Loaded Value="True"/>
      </Unit4>
      <Unit5>
        <Filename Value="help.pas"/>
        <ComponentName Value="frmHelp"/>
        <HasResources Value="True"/>
        <IsPartOfProject Value="True"/>
        <ResourceBaseClass Value="Form"/>
        <ResourceFilename Value="help.lrs"/>
        <UnitName Value="help"/>
        <CursorPos X="13" Y="3"/>
        <TopLine Value="1"/>
        <EditorIndex Value="5"/>
        <UsageCount Value="42"/>
        <Loaded Value="True"/>
      </Unit5>
      <Unit6>
        <Filename Value="../lazarus/designer/jitforms.pp"/>
        <UnitName Value="JITForms"/>
        <CursorPos X="3" Y="888"/>
        <TopLine Value="873"/>
        <UsageCount Value="10"/>
      </Unit6>
      <Unit7>
        <Filename Value="special.pas"/>
        <ComponentName Value="frmSpecial"/>
        <HasResources Value="True"/>
        <ResourceBaseClass Value="Form"/>
        <ResourceFilename Value="special.lrs"/>
        <UnitName Value="special"/>
        <CursorPos X="19" Y="72"/>
        <TopLine Value="65"/>
        <EditorIndex Value="2"/>
        <UsageCount Value="17"/>
        <Loaded Value="True"/>
      </Unit7>
      <Unit8>
        <Filename Value="special.lfm"/>
        <CursorPos X="29" Y="6"/>
        <TopLine Value="1"/>
        <UsageCount Value="9"/>
        <SyntaxHighlighter Value="LFM"/>
      </Unit8>
      <Unit9>
        <Filename Value="../fpc/rtl/objpas/classes/classesh.inc"/>
        <CursorPos X="14" Y="1375"/>
        <TopLine Value="1"/>
        <UsageCount Value="10"/>
      </Unit9>
    </Units>
    <JumpHistory Count="0" HistoryIndex="-1"/>
  </ProjectOptions>
  <CompilerOptions>
    <Version Value="5"/>
    <CodeGeneration>
      <Generate Value="Faster"/>
    </CodeGeneration>
    <Linking>
      <Options>
        <Win32>
          <GraphicApplication Value="True"/>
        </Win32>
      </Options>
    </Linking>
    <Other>
      <CompilerPath Value="$(CompPath)"/>
    </Other>
  </CompilerOptions>
  <Debugging>
    <Exceptions Count="2">
      <Item1>
        <Name Value="ECodetoolError"/>
      </Item1>
      <Item2>
        <Name Value="EFOpenError"/>
      </Item2>
    </Exceptions>
  </Debugging>
</CONFIG>
