<?xml version="1.0"?>
<CONFIG>
  <ProjectOptions>
    <PathDelim Value="/"/>
    <Version Value="5"/>
    <General>
      <MainUnit Value="0"/>
      <IconPath Value="./"/>
      <TargetFileExt Value=""/>
      <Title Value="linbmd"/>
      <ActiveEditorIndexAtStart Value="0"/>
    </General>
    <PublishOptions>
      <Version Value="2"/>
      <IgnoreBinaries Value="False"/>
      <IncludeFileFilter Value="*.(pas|pp|inc|lfm|lpr|lrs|lpi|lpk|sh|xml)"/>
      <ExcludeFileFilter Value="*.(bak|ppu|ppw|o|so);*~;backup"/>
    </PublishOptions>
    <RunParams>
      <local>
        <FormatVersion Value="1"/>
        <LaunchingApplication PathPlusParams="/usr/X11R6/bin/xterm -T 'Lazarus Run Output' -e $(LazarusDir)/tools/runwait.sh $(TargetCmdLine)"/>
      </local>
    </RunParams>
    <RequiredPackages Count="2">
      <Item1>
        <PackageName Value="LCL"/>
        <MinVersion Major="1" Valid="True"/>
      </Item1>
      <Item2>
        <PackageName Value="FCL"/>
        <MinVersion Major="1" Valid="True"/>
      </Item2>
    </RequiredPackages>
    <Units Count="16">
      <Unit0>
        <Filename Value="linbmd.lpr"/>
        <IsPartOfProject Value="True"/>
        <UnitName Value="linBMD"/>
        <CursorPos X="1" Y="49"/>
        <TopLine Value="1"/>
        <UsageCount Value="201"/>
      </Unit0>
      <Unit1>
        <Filename Value="main.pas"/>
        <ComponentName Value="frmMain"/>
        <IsPartOfProject Value="True"/>
        <ResourceFilename Value="main.lrs"/>
        <UnitName Value="main"/>
        <CursorPos X="19" Y="1107"/>
        <TopLine Value="1091"/>
        <EditorIndex Value="0"/>
        <UsageCount Value="201"/>
        <Loaded Value="True"/>
      </Unit1>
      <Unit2>
        <Filename Value="special.pas"/>
        <ComponentName Value="frmSpecial"/>
        <IsPartOfProject Value="True"/>
        <ResourceFilename Value="special.lrs"/>
        <UnitName Value="special"/>
        <CursorPos X="30" Y="38"/>
        <TopLine Value="45"/>
        <UsageCount Value="201"/>
      </Unit2>
      <Unit3>
        <Filename Value="global.pas"/>
        <IsPartOfProject Value="True"/>
        <UnitName Value="global"/>
        <CursorPos X="18" Y="40"/>
        <TopLine Value="1"/>
        <UsageCount Value="201"/>
      </Unit3>
      <Unit4>
        <Filename Value="about.pas"/>
        <ComponentName Value="frmAbout"/>
        <IsPartOfProject Value="True"/>
        <ResourceFilename Value="about.lrs"/>
        <UnitName Value="about"/>
        <CursorPos X="47" Y="41"/>
        <TopLine Value="24"/>
        <UsageCount Value="204"/>
      </Unit4>
      <Unit5>
        <Filename Value="cal.pas"/>
        <ComponentName Value="frmCalendar"/>
        <IsPartOfProject Value="True"/>
        <ResourceFilename Value="cal.lrs"/>
        <UnitName Value="cal"/>
        <CursorPos X="38" Y="4"/>
        <TopLine Value="21"/>
        <UsageCount Value="237"/>
      </Unit5>
      <Unit6>
        <Filename Value="help.pas"/>
        <ComponentName Value="frmHelp"/>
        <IsPartOfProject Value="True"/>
        <ResourceFilename Value="help.lrs"/>
        <UnitName Value="help"/>
        <CursorPos X="39" Y="3"/>
        <TopLine Value="19"/>
        <UsageCount Value="225"/>
      </Unit6>
      <Unit7>
        <Filename Value="/usr/src/pascal/lazarus/examples/listboxtest.pp"/>
        <UnitName Value="ListBoxTest"/>
        <CursorPos X="38" Y="121"/>
        <TopLine Value="96"/>
        <UsageCount Value="10"/>
      </Unit7>
      <Unit8>
        <Filename Value="/usr/src/pascal/lazarus/lcl/extctrls.pp"/>
        <UnitName Value="ExtCtrls"/>
        <CursorPos X="37" Y="722"/>
        <TopLine Value="699"/>
        <UsageCount Value="48"/>
      </Unit8>
      <Unit9>
        <Filename Value="/usr/src/pascal/lazarus/lcl/stdctrls.pp"/>
        <UnitName Value="StdCtrls"/>
        <CursorPos X="14" Y="1265"/>
        <TopLine Value="1220"/>
        <UsageCount Value="48"/>
      </Unit9>
      <Unit10>
        <Filename Value="/usr/src/pascal/lazarus/components/turbopower_ipro/ipanim.pas"/>
        <UnitName Value="IpAnim"/>
        <CursorPos X="1" Y="1"/>
        <TopLine Value="1"/>
        <UsageCount Value="9"/>
      </Unit10>
      <Unit11>
        <Filename Value="/usr/src/pascal/lazarus/lcl/include/customcombobox.inc"/>
        <CursorPos X="1" Y="1"/>
        <TopLine Value="53"/>
        <UsageCount Value="9"/>
      </Unit11>
      <Unit12>
        <Filename Value="/usr/src/pascal/lazarus/lcl/interfaces/gtk2/gtk2wsstdctrls.pp"/>
        <UnitName Value="Gtk2WSStdCtrls"/>
        <CursorPos X="36" Y="40"/>
        <TopLine Value="1"/>
        <UsageCount Value="9"/>
      </Unit12>
      <Unit13>
        <Filename Value="/usr/src/pascal/lazarus/lcl/interfaces/gtk/gtkwsstdctrls.pp"/>
        <UnitName Value="GtkWSStdCtrls"/>
        <CursorPos X="1" Y="763"/>
        <TopLine Value="210"/>
        <UsageCount Value="9"/>
      </Unit13>
      <Unit14>
        <Filename Value="/usr/src/pascal/lazarus/lcl/grids.pas"/>
        <UnitName Value="Grids"/>
        <CursorPos X="17" Y="577"/>
        <TopLine Value="561"/>
        <UsageCount Value="14"/>
      </Unit14>
      <Unit15>
        <Filename Value="/usr/src/pascal/lazarus/lcl/dialogs.pp"/>
        <UnitName Value="Dialogs"/>
        <CursorPos X="38" Y="419"/>
        <TopLine Value="388"/>
        <EditorIndex Value="1"/>
        <UsageCount Value="13"/>
        <Loaded Value="True"/>
      </Unit15>
    </Units>
    <JumpHistory Count="16" HistoryIndex="15">
      <Position1>
        <Filename Value="/usr/src/pascal/lazarus/lcl/dialogs.pp"/>
        <Caret Line="418" Column="65" TopLine="373"/>
      </Position1>
      <Position2>
        <Filename Value="/usr/src/pascal/lazarus/lcl/dialogs.pp"/>
        <Caret Line="419" Column="38" TopLine="388"/>
      </Position2>
      <Position3>
        <Filename Value="main.pas"/>
        <Caret Line="14" Column="23" TopLine="1"/>
      </Position3>
      <Position4>
        <Filename Value="main.pas"/>
        <Caret Line="93" Column="13" TopLine="62"/>
      </Position4>
      <Position5>
        <Filename Value="main.pas"/>
        <Caret Line="119" Column="14" TopLine="88"/>
      </Position5>
      <Position6>
        <Filename Value="main.pas"/>
        <Caret Line="129" Column="24" TopLine="98"/>
      </Position6>
      <Position7>
        <Filename Value="main.pas"/>
        <Caret Line="144" Column="21" TopLine="113"/>
      </Position7>
      <Position8>
        <Filename Value="main.pas"/>
        <Caret Line="556" Column="29" TopLine="525"/>
      </Position8>
      <Position9>
        <Filename Value="main.pas"/>
        <Caret Line="568" Column="19" TopLine="537"/>
      </Position9>
      <Position10>
        <Filename Value="main.pas"/>
        <Caret Line="598" Column="39" TopLine="567"/>
      </Position10>
      <Position11>
        <Filename Value="main.pas"/>
        <Caret Line="694" Column="39" TopLine="663"/>
      </Position11>
      <Position12>
        <Filename Value="main.pas"/>
        <Caret Line="740" Column="12" TopLine="709"/>
      </Position12>
      <Position13>
        <Filename Value="main.pas"/>
        <Caret Line="874" Column="36" TopLine="843"/>
      </Position13>
      <Position14>
        <Filename Value="main.pas"/>
        <Caret Line="959" Column="26" TopLine="928"/>
      </Position14>
      <Position15>
        <Filename Value="main.pas"/>
        <Caret Line="962" Column="28" TopLine="931"/>
      </Position15>
      <Position16>
        <Filename Value="main.pas"/>
        <Caret Line="1048" Column="21" TopLine="1008"/>
      </Position16>
    </JumpHistory>
  </ProjectOptions>
  <CompilerOptions>
    <Version Value="5"/>
    <SearchPaths>
      <SrcPath Value="$(LazarusDir)/lcl/;$(LazarusDir)/lcl/interfaces/$(LCLWidgetType)/"/>
    </SearchPaths>
    <CodeGeneration>
      <SmartLinkUnit Value="True"/>
      <Generate Value="Smaller"/>
    </CodeGeneration>
    <Linking>
      <Debugging>
        <UseLineInfoUnit Value="False"/>
        <StripSymbols Value="True"/>
      </Debugging>
      <LinkSmart Value="True"/>
    </Linking>
    <Other>
      <CompilerPath Value="$(CompPath)"/>
    </Other>
  </CompilerOptions>
</CONFIG>
