<?xml version="1.0"?>
<CONFIG>
  <ProjectOptions>
    <PathDelim Value="/"/>
    <Version Value="5"/>
    <General>
      <MainUnit Value="0"/>
      <IconPath Value="./"/>
      <TargetFileExt Value=""/>
      <Title Value="linbmd"/>
      <ActiveEditorIndexAtStart Value="3"/>
    </General>
    <LazDoc Paths=""/>
    <PublishOptions>
      <Version Value="2"/>
      <IgnoreBinaries Value="False"/>
      <IncludeFileFilter Value="*.(pas|pp|inc|lfm|lpr|lrs|lpi|lpk|sh|xml)"/>
      <ExcludeFileFilter Value="*.(bak|ppu|ppw|o|so);*~;backup"/>
    </PublishOptions>
    <RunParams>
      <local>
        <FormatVersion Value="1"/>
        <LaunchingApplication PathPlusParams="/usr/X11R6/bin/xterm -T 'Lazarus Run Output' -e $(LazarusDir)/tools/runwait.sh $(TargetCmdLine)"/>
      </local>
    </RunParams>
    <RequiredPackages Count="2">
      <Item1>
        <PackageName Value="LCL"/>
        <MinVersion Major="1" Valid="True"/>
      </Item1>
      <Item2>
        <PackageName Value="FCL"/>
        <MinVersion Major="1" Valid="True"/>
      </Item2>
    </RequiredPackages>
    <Units Count="7">
      <Unit0>
        <Filename Value="linbmd.lpr"/>
        <IsPartOfProject Value="True"/>
        <UnitName Value="linbmd"/>
        <CursorPos X="1" Y="50"/>
        <TopLine Value="1"/>
        <UsageCount Value="201"/>
      </Unit0>
      <Unit1>
        <Filename Value="main.pas"/>
        <ComponentName Value="frmMain"/>
        <IsPartOfProject Value="True"/>
        <ResourceFilename Value="main.lrs"/>
        <UnitName Value="main"/>
        <CursorPos X="1" Y="141"/>
        <TopLine Value="118"/>
        <EditorIndex Value="3"/>
        <UsageCount Value="201"/>
        <Loaded Value="True"/>
      </Unit1>
      <Unit2>
        <Filename Value="special.pas"/>
        <ComponentName Value="frmSpecial"/>
        <IsPartOfProject Value="True"/>
        <ResourceFilename Value="special.lrs"/>
        <UnitName Value="special"/>
        <CursorPos X="1" Y="77"/>
        <TopLine Value="1"/>
        <EditorIndex Value="4"/>
        <UsageCount Value="201"/>
        <Loaded Value="True"/>
      </Unit2>
      <Unit3>
        <Filename Value="global.pas"/>
        <IsPartOfProject Value="True"/>
        <UnitName Value="global"/>
        <CursorPos X="18" Y="40"/>
        <TopLine Value="2"/>
        <EditorIndex Value="5"/>
        <UsageCount Value="201"/>
        <Loaded Value="True"/>
      </Unit3>
      <Unit4>
        <Filename Value="about.pas"/>
        <ComponentName Value="frmAbout"/>
        <IsPartOfProject Value="True"/>
        <ResourceFilename Value="about.lrs"/>
        <UnitName Value="about"/>
        <CursorPos X="47" Y="41"/>
        <TopLine Value="24"/>
        <EditorIndex Value="0"/>
        <UsageCount Value="204"/>
        <Loaded Value="True"/>
      </Unit4>
      <Unit5>
        <Filename Value="cal.pas"/>
        <ComponentName Value="frmCalendar"/>
        <IsPartOfProject Value="True"/>
        <ResourceFilename Value="cal.lrs"/>
        <UnitName Value="cal"/>
        <CursorPos X="38" Y="4"/>
        <TopLine Value="1"/>
        <EditorIndex Value="1"/>
        <UsageCount Value="237"/>
        <Loaded Value="True"/>
      </Unit5>
      <Unit6>
        <Filename Value="help.pas"/>
        <ComponentName Value="frmHelp"/>
        <IsPartOfProject Value="True"/>
        <ResourceFilename Value="help.lrs"/>
        <UnitName Value="help"/>
        <CursorPos X="39" Y="3"/>
        <TopLine Value="1"/>
        <EditorIndex Value="2"/>
        <UsageCount Value="225"/>
        <Loaded Value="True"/>
      </Unit6>
    </Units>
    <JumpHistory Count="0" HistoryIndex="-1"/>
  </ProjectOptions>
  <CompilerOptions>
    <Version Value="5"/>
    <SearchPaths>
      <LCLWidgetType Value="gtk"/>
      <SrcPath Value="$(LazarusDir)/lcl/;$(LazarusDir)/lcl/interfaces/$(LCLWidgetType)/"/>
    </SearchPaths>
    <CodeGeneration>
      <SmartLinkUnit Value="True"/>
      <Generate Value="Faster"/>
    </CodeGeneration>
    <Linking>
      <Debugging>
        <UseLineInfoUnit Value="False"/>
        <StripSymbols Value="True"/>
      </Debugging>
      <LinkSmart Value="True"/>
      <Options>
        <Win32>
          <GraphicApplication Value="True"/>
        </Win32>
      </Options>
    </Linking>
    <Other>
      <CompilerPath Value="$(CompPath)"/>
    </Other>
  </CompilerOptions>
</CONFIG>
